
Microsoft Visual Studio Solution File, Format Version 12.00
# Visual Studio 14
VisualStudioVersion = 14.0.24720.0
MinimumVisualStudioVersion = 10.0.40219.1
Project("{F184B08F-C81C-45F6-A57F-5ABD9991F28F}") = "GALAModels", "GALAModels\GALAModels.vbproj", "{7B49E682-E58B-44F1-930F-C35CDE6ECF73}"
EndProject
Project("{E24C65DC-7377-472B-9ABA-BC803B73C61A}") = "GalaWCF", "GalaWCF\", "{6D1B5361-008E-4A11-BCB7-3BF1F0021DA5}"
	ProjectSection(WebsiteProperties) = preProject
		TargetFrameworkMoniker = ".NETFramework,Version%3Dv4.6.1"
		ProjectReferences = "{7b49e682-e58b-44f1-930f-c35cde6ecf73}|GALAModels.dll;"
		Debug.AspNetCompiler.VirtualPath = "/localhost_49920"
		Debug.AspNetCompiler.PhysicalPath = "GalaWCF\"
		Debug.AspNetCompiler.TargetPath = "PrecompiledWeb\localhost_49920\"
		Debug.AspNetCompiler.Updateable = "true"
		Debug.AspNetCompiler.ForceOverwrite = "true"
		Debug.AspNetCompiler.FixedNames = "false"
		Debug.AspNetCompiler.Debug = "True"
		Release.AspNetCompiler.VirtualPath = "/localhost_49920"
		Release.AspNetCompiler.PhysicalPath = "GalaWCF\"
		Release.AspNetCompiler.TargetPath = "PrecompiledWeb\localhost_49920\"
		Release.AspNetCompiler.Updateable = "true"
		Release.AspNetCompiler.ForceOverwrite = "true"
		Release.AspNetCompiler.FixedNames = "false"
		Release.AspNetCompiler.Debug = "False"
		VWDPort = "49920"
		SlnRelativePath = "GalaWCF\"
		DefaultWebSiteLanguage = "Visual Basic"
	EndProjectSection
EndProject
Project("{262852C6-CD72-467D-83FE-5EEB1973A190}") = "WinJSApp", "WinJSApp\WinJSApp.jsproj", "{900037A9-EB23-41E7-A237-6F452A235343}"
EndProject
Project("{F184B08F-C81C-45F6-A57F-5ABD9991F28F}") = "VBUniversalApp", "VBUniversalApp\VBUniversalApp.vbproj", "{DD8C6DF2-DCC0-4A9C-A2DA-A2713233D0ED}"
	ProjectSection(ProjectDependencies) = postProject
		{6D1B5361-008E-4A11-BCB7-3BF1F0021DA5} = {6D1B5361-008E-4A11-BCB7-3BF1F0021DA5}
	EndProjectSection
EndProject
Global
	GlobalSection(SolutionConfigurationPlatforms) = preSolution
		Debug|Any CPU = Debug|Any CPU
		Debug|ARM = Debug|ARM
		Debug|x64 = Debug|x64
		Debug|x86 = Debug|x86
		Release|Any CPU = Release|Any CPU
		Release|ARM = Release|ARM
		Release|x64 = Release|x64
		Release|x86 = Release|x86
	EndGlobalSection
	GlobalSection(ProjectConfigurationPlatforms) = postSolution
		{7B49E682-E58B-44F1-930F-C35CDE6ECF73}.Debug|Any CPU.ActiveCfg = Debug|Any CPU
		{7B49E682-E58B-44F1-930F-C35CDE6ECF73}.Debug|Any CPU.Build.0 = Debug|Any CPU
		{7B49E682-E58B-44F1-930F-C35CDE6ECF73}.Debug|ARM.ActiveCfg = Debug|Any CPU
		{7B49E682-E58B-44F1-930F-C35CDE6ECF73}.Debug|ARM.Build.0 = Debug|Any CPU
		{7B49E682-E58B-44F1-930F-C35CDE6ECF73}.Debug|x64.ActiveCfg = Debug|Any CPU
		{7B49E682-E58B-44F1-930F-C35CDE6ECF73}.Debug|x64.Build.0 = Debug|Any CPU
		{7B49E682-E58B-44F1-930F-C35CDE6ECF73}.Debug|x86.ActiveCfg = Debug|Any CPU
		{7B49E682-E58B-44F1-930F-C35CDE6ECF73}.Debug|x86.Build.0 = Debug|Any CPU
		{7B49E682-E58B-44F1-930F-C35CDE6ECF73}.Release|Any CPU.ActiveCfg = Release|Any CPU
		{7B49E682-E58B-44F1-930F-C35CDE6ECF73}.Release|Any CPU.Build.0 = Release|Any CPU
		{7B49E682-E58B-44F1-930F-C35CDE6ECF73}.Release|ARM.ActiveCfg = Release|Any CPU
		{7B49E682-E58B-44F1-930F-C35CDE6ECF73}.Release|ARM.Build.0 = Release|Any CPU
		{7B49E682-E58B-44F1-930F-C35CDE6ECF73}.Release|x64.ActiveCfg = Release|Any CPU
		{7B49E682-E58B-44F1-930F-C35CDE6ECF73}.Release|x64.Build.0 = Release|Any CPU
		{7B49E682-E58B-44F1-930F-C35CDE6ECF73}.Release|x86.ActiveCfg = Release|Any CPU
		{7B49E682-E58B-44F1-930F-C35CDE6ECF73}.Release|x86.Build.0 = Release|Any CPU
		{6D1B5361-008E-4A11-BCB7-3BF1F0021DA5}.Debug|Any CPU.ActiveCfg = Debug|Any CPU
		{6D1B5361-008E-4A11-BCB7-3BF1F0021DA5}.Debug|Any CPU.Build.0 = Debug|Any CPU
		{6D1B5361-008E-4A11-BCB7-3BF1F0021DA5}.Debug|ARM.ActiveCfg = Debug|Any CPU
		{6D1B5361-008E-4A11-BCB7-3BF1F0021DA5}.Debug|ARM.Build.0 = Debug|Any CPU
		{6D1B5361-008E-4A11-BCB7-3BF1F0021DA5}.Debug|x64.ActiveCfg = Debug|Any CPU
		{6D1B5361-008E-4A11-BCB7-3BF1F0021DA5}.Debug|x64.Build.0 = Debug|Any CPU
		{6D1B5361-008E-4A11-BCB7-3BF1F0021DA5}.Debug|x86.ActiveCfg = Debug|Any CPU
		{6D1B5361-008E-4A11-BCB7-3BF1F0021DA5}.Debug|x86.Build.0 = Debug|Any CPU
		{6D1B5361-008E-4A11-BCB7-3BF1F0021DA5}.Release|Any CPU.ActiveCfg = Debug|Any CPU
		{6D1B5361-008E-4A11-BCB7-3BF1F0021DA5}.Release|Any CPU.Build.0 = Debug|Any CPU
		{6D1B5361-008E-4A11-BCB7-3BF1F0021DA5}.Release|ARM.ActiveCfg = Debug|Any CPU
		{6D1B5361-008E-4A11-BCB7-3BF1F0021DA5}.Release|ARM.Build.0 = Debug|Any CPU
		{6D1B5361-008E-4A11-BCB7-3BF1F0021DA5}.Release|x64.ActiveCfg = Debug|Any CPU
		{6D1B5361-008E-4A11-BCB7-3BF1F0021DA5}.Release|x64.Build.0 = Debug|Any CPU
		{6D1B5361-008E-4A11-BCB7-3BF1F0021DA5}.Release|x86.ActiveCfg = Debug|Any CPU
		{6D1B5361-008E-4A11-BCB7-3BF1F0021DA5}.Release|x86.Build.0 = Debug|Any CPU
		{900037A9-EB23-41E7-A237-6F452A235343}.Debug|Any CPU.ActiveCfg = Debug|Any CPU
		{900037A9-EB23-41E7-A237-6F452A235343}.Debug|Any CPU.Build.0 = Debug|Any CPU
		{900037A9-EB23-41E7-A237-6F452A235343}.Debug|Any CPU.Deploy.0 = Debug|Any CPU
		{900037A9-EB23-41E7-A237-6F452A235343}.Debug|ARM.ActiveCfg = Debug|ARM
		{900037A9-EB23-41E7-A237-6F452A235343}.Debug|ARM.Build.0 = Debug|ARM
		{900037A9-EB23-41E7-A237-6F452A235343}.Debug|ARM.Deploy.0 = Debug|ARM
		{900037A9-EB23-41E7-A237-6F452A235343}.Debug|x64.ActiveCfg = Debug|x64
		{900037A9-EB23-41E7-A237-6F452A235343}.Debug|x64.Build.0 = Debug|x64
		{900037A9-EB23-41E7-A237-6F452A235343}.Debug|x64.Deploy.0 = Debug|x64
		{900037A9-EB23-41E7-A237-6F452A235343}.Debug|x86.ActiveCfg = Debug|x86
		{900037A9-EB23-41E7-A237-6F452A235343}.Debug|x86.Build.0 = Debug|x86
		{900037A9-EB23-41E7-A237-6F452A235343}.Debug|x86.Deploy.0 = Debug|x86
		{900037A9-EB23-41E7-A237-6F452A235343}.Release|Any CPU.ActiveCfg = Release|Any CPU
		{900037A9-EB23-41E7-A237-6F452A235343}.Release|Any CPU.Build.0 = Release|Any CPU
		{900037A9-EB23-41E7-A237-6F452A235343}.Release|Any CPU.Deploy.0 = Release|Any CPU
		{900037A9-EB23-41E7-A237-6F452A235343}.Release|ARM.ActiveCfg = Release|ARM
		{900037A9-EB23-41E7-A237-6F452A235343}.Release|ARM.Build.0 = Release|ARM
		{900037A9-EB23-41E7-A237-6F452A235343}.Release|ARM.Deploy.0 = Release|ARM
		{900037A9-EB23-41E7-A237-6F452A235343}.Release|x64.ActiveCfg = Release|x64
		{900037A9-EB23-41E7-A237-6F452A235343}.Release|x64.Build.0 = Release|x64
		{900037A9-EB23-41E7-A237-6F452A235343}.Release|x64.Deploy.0 = Release|x64
		{900037A9-EB23-41E7-A237-6F452A235343}.Release|x86.ActiveCfg = Release|x86
		{900037A9-EB23-41E7-A237-6F452A235343}.Release|x86.Build.0 = Release|x86
		{900037A9-EB23-41E7-A237-6F452A235343}.Release|x86.Deploy.0 = Release|x86
		{DD8C6DF2-DCC0-4A9C-A2DA-A2713233D0ED}.Debug|Any CPU.ActiveCfg = Debug|x86
		{DD8C6DF2-DCC0-4A9C-A2DA-A2713233D0ED}.Debug|ARM.ActiveCfg = Debug|ARM
		{DD8C6DF2-DCC0-4A9C-A2DA-A2713233D0ED}.Debug|ARM.Build.0 = Debug|ARM
		{DD8C6DF2-DCC0-4A9C-A2DA-A2713233D0ED}.Debug|ARM.Deploy.0 = Debug|ARM
		{DD8C6DF2-DCC0-4A9C-A2DA-A2713233D0ED}.Debug|x64.ActiveCfg = Debug|x64
		{DD8C6DF2-DCC0-4A9C-A2DA-A2713233D0ED}.Debug|x64.Build.0 = Debug|x64
		{DD8C6DF2-DCC0-4A9C-A2DA-A2713233D0ED}.Debug|x64.Deploy.0 = Debug|x64
		{DD8C6DF2-DCC0-4A9C-A2DA-A2713233D0ED}.Debug|x86.ActiveCfg = Debug|x86
		{DD8C6DF2-DCC0-4A9C-A2DA-A2713233D0ED}.Debug|x86.Build.0 = Debug|x86
		{DD8C6DF2-DCC0-4A9C-A2DA-A2713233D0ED}.Debug|x86.Deploy.0 = Debug|x86
		{DD8C6DF2-DCC0-4A9C-A2DA-A2713233D0ED}.Release|Any CPU.ActiveCfg = Release|x86
		{DD8C6DF2-DCC0-4A9C-A2DA-A2713233D0ED}.Release|ARM.ActiveCfg = Release|ARM
		{DD8C6DF2-DCC0-4A9C-A2DA-A2713233D0ED}.Release|ARM.Build.0 = Release|ARM
		{DD8C6DF2-DCC0-4A9C-A2DA-A2713233D0ED}.Release|ARM.Deploy.0 = Release|ARM
		{DD8C6DF2-DCC0-4A9C-A2DA-A2713233D0ED}.Release|x64.ActiveCfg = Release|x64
		{DD8C6DF2-DCC0-4A9C-A2DA-A2713233D0ED}.Release|x64.Build.0 = Release|x64
		{DD8C6DF2-DCC0-4A9C-A2DA-A2713233D0ED}.Release|x64.Deploy.0 = Release|x64
		{DD8C6DF2-DCC0-4A9C-A2DA-A2713233D0ED}.Release|x86.ActiveCfg = Release|x86
		{DD8C6DF2-DCC0-4A9C-A2DA-A2713233D0ED}.Release|x86.Build.0 = Release|x86
		{DD8C6DF2-DCC0-4A9C-A2DA-A2713233D0ED}.Release|x86.Deploy.0 = Release|x86
	EndGlobalSection
	GlobalSection(SolutionProperties) = preSolution
		HideSolutionNode = FALSE
	EndGlobalSection
EndGlobal
